{
  "name": "duaneleem.com",
  "version": "1.1.0",
  "lockfileVersion": 1,
  "dependencies": {
    "angular2-recaptcha": {
      "version": "0.3.7",
      "resolved": "https://registry.npmjs.org/angular2-recaptcha/-/angular2-recaptcha-0.3.7.tgz",
      "integrity": "sha1-Nk9uLajgenTuzPkxffclPAtJNx0="
    }
  }
}
